
Microsoft Visual Studio Solution File, Format Version 12.00
# Visual Studio Version 17
VisualStudioVersion = 17.2.32630.192
MinimumVisualStudioVersion = 10.0.40219.1
Project("{FAE04EC0-301F-11D3-BF4B-00C04F79EFBC}") = "car-rental-asp.net", "car-rental-asp.net\car-rental-asp.net.csproj", "{0FD16210-CA28-4739-8E56-744356A7E8D8}"
EndProject
Global
	GlobalSection(SolutionConfigurationPlatforms) = preSolution
		Debug|Any CPU = Debug|Any CPU
		Release|Any CPU = Release|Any CPU
	EndGlobalSection
	GlobalSection(ProjectConfigurationPlatforms) = postSolution
		{0FD16210-CA28-4739-8E56-744356A7E8D8}.Debug|Any CPU.ActiveCfg = Debug|Any CPU
		{0FD16210-CA28-4739-8E56-744356A7E8D8}.Debug|Any CPU.Build.0 = Debug|Any CPU
		{0FD16210-CA28-4739-8E56-744356A7E8D8}.Release|Any CPU.ActiveCfg = Release|Any CPU
		{0FD16210-CA28-4739-8E56-744356A7E8D8}.Release|Any CPU.Build.0 = Release|Any CPU
	EndGlobalSection
	GlobalSection(SolutionProperties) = preSolution
		HideSolutionNode = FALSE
	EndGlobalSection
	GlobalSection(ExtensibilityGlobals) = postSolution
		SolutionGuid = {26ABE196-573C-4436-AC78-07BE7EA7E16E}
	EndGlobalSection
EndGlobal
